
Microsoft Visual Studio Solution File, Format Version 12.00
# Visual Studio Version 17
VisualStudioVersion = 17.11.35312.102
MinimumVisualStudioVersion = 10.0.40219.1
Project("{FAE04EC0-301F-11D3-BF4B-00C04F79EFBC}") = "Archivo", "Archivo\Archivo.csproj", "{2382D81F-0BF0-400F-A603-892CC087D5AF}"
EndProject
Global
	GlobalSection(SolutionConfigurationPlatforms) = preSolution
		Debug|Any CPU = Debug|Any CPU
		Release|Any CPU = Release|Any CPU
	EndGlobalSection
	GlobalSection(ProjectConfigurationPlatforms) = postSolution
		{2382D81F-0BF0-400F-A603-892CC087D5AF}.Debug|Any CPU.ActiveCfg = Debug|Any CPU
		{2382D81F-0BF0-400F-A603-892CC087D5AF}.Debug|Any CPU.Build.0 = Debug|Any CPU
		{2382D81F-0BF0-400F-A603-892CC087D5AF}.Release|Any CPU.ActiveCfg = Release|Any CPU
		{2382D81F-0BF0-400F-A603-892CC087D5AF}.Release|Any CPU.Build.0 = Release|Any CPU
	EndGlobalSection
	GlobalSection(SolutionProperties) = preSolution
		HideSolutionNode = FALSE
	EndGlobalSection
	GlobalSection(ExtensibilityGlobals) = postSolution
		SolutionGuid = {F743A722-952B-4873-9089-8F564267FBEF}
	EndGlobalSection
EndGlobal
